// !$*UTF8*$!
{
	archiveVersion = 1;
	classes = {
	};
	objectVersion = 46;
	objects = {

/* Begin PBXBuildFile section */
		6CA02F9713A98F6C0013C5BD /* NSObject+SBJson.m in Sources */ = {isa = PBXBuildFile; fileRef = 6CA02F7F13A98F6C0013C5BD /* NSObject+SBJson.m */; };
		6CA02F9813A98F6C0013C5BD /* SBJsonParser.m in Sources */ = {isa = PBXBuildFile; fileRef = 6CA02F8213A98F6C0013C5BD /* SBJsonParser.m */; };
		6CA02F9913A98F6C0013C5BD /* SBJsonStreamParser.m in Sources */ = {isa = PBXBuildFile; fileRef = 6CA02F8413A98F6C0013C5BD /* SBJsonStreamParser.m */; };
		6CA02F9A13A98F6C0013C5BD /* SBJsonStreamParserAccumulator.m in Sources */ = {isa = PBXBuildFile; fileRef = 6CA02F8613A98F6C0013C5BD /* SBJsonStreamParserAccumulator.m */; };
		6CA02F9B13A98F6C0013C5BD /* SBJsonStreamParserAdapter.m in Sources */ = {isa = PBXBuildFile; fileRef = 6CA02F8813A98F6C0013C5BD /* SBJsonStreamParserAdapter.m */; };
		6CA02F9C13A98F6C0013C5BD /* SBJsonStreamParserState.m in Sources */ = {isa = PBXBuildFile; fileRef = 6CA02F8A13A98F6C0013C5BD /* SBJsonStreamParserState.m */; };
		6CA02F9D13A98F6C0013C5BD /* SBJsonStreamWriter.m in Sources */ = {isa = PBXBuildFile; fileRef = 6CA02F8C13A98F6C0013C5BD /* SBJsonStreamWriter.m */; };
		6CA02F9E13A98F6C0013C5BD /* SBJsonStreamWriterAccumulator.m in Sources */ = {isa = PBXBuildFile; fileRef = 6CA02F8E13A98F6C0013C5BD /* SBJsonStreamWriterAccumulator.m */; };
		6CA02F9F13A98F6C0013C5BD /* SBJsonStreamWriterState.m in Sources */ = {isa = PBXBuildFile; fileRef = 6CA02F9013A98F6C0013C5BD /* SBJsonStreamWriterState.m */; };
		6CA02FA013A98F6C0013C5BD /* SBJsonTokeniser.m in Sources */ = {isa = PBXBuildFile; fileRef = 6CA02F9213A98F6C0013C5BD /* SBJsonTokeniser.m */; };
		6CA02FA113A98F6C0013C5BD /* SBJsonUTF8Stream.m in Sources */ = {isa = PBXBuildFile; fileRef = 6CA02F9413A98F6C0013C5BD /* SBJsonUTF8Stream.m */; };
		6CA02FA213A98F6C0013C5BD /* SBJsonWriter.m in Sources */ = {isa = PBXBuildFile; fileRef = 6CA02F9613A98F6C0013C5BD /* SBJsonWriter.m */; };
		6CA02FA613A9929E0013C5BD /* data.json in Resources */ = {isa = PBXBuildFile; fileRef = 6CA02FA513A9929E0013C5BD /* data.json */; };
		6CA02FAA13A9ACEC0013C5BD /* ContactsModel.m in Sources */ = {isa = PBXBuildFile; fileRef = 6CA02FA913A9ACEC0013C5BD /* ContactsModel.m */; };
		6CA02FAD13A9AF4A0013C5BD /* ContactVO.m in Sources */ = {isa = PBXBuildFile; fileRef = 6CA02FAC13A9AF490013C5BD /* ContactVO.m */; };
		6CA3580D13A866E200C65600 /* BaseUIViewController.m in Sources */ = {isa = PBXBuildFile; fileRef = 6CA3580C13A866E200C65600 /* BaseUIViewController.m */; };
		6CFB5C7F13A4191E006EBF5A /* UIKit.framework in Frameworks */ = {isa = PBXBuildFile; fileRef = 6CFB5C7E13A4191E006EBF5A /* UIKit.framework */; };
		6CFB5C8113A4191E006EBF5A /* Foundation.framework in Frameworks */ = {isa = PBXBuildFile; fileRef = 6CFB5C8013A4191E006EBF5A /* Foundation.framework */; };
		6CFB5C8313A4191E006EBF5A /* CoreGraphics.framework in Frameworks */ = {isa = PBXBuildFile; fileRef = 6CFB5C8213A4191E006EBF5A /* CoreGraphics.framework */; };
		6CFB5C8913A4191E006EBF5A /* InfoPlist.strings in Resources */ = {isa = PBXBuildFile; fileRef = 6CFB5C8713A4191E006EBF5A /* InfoPlist.strings */; };
		6CFB5C8C13A4191E006EBF5A /* main.m in Sources */ = {isa = PBXBuildFile; fileRef = 6CFB5C8B13A4191E006EBF5A /* main.m */; };
		6CFB5C8F13A4191F006EBF5A /* AppDelegate.m in Sources */ = {isa = PBXBuildFile; fileRef = 6CFB5C8E13A4191F006EBF5A /* AppDelegate.m */; };
		6CFB5C9A13A41A5D006EBF5A /* MainViewController.m in Sources */ = {isa = PBXBuildFile; fileRef = 6CFB5C9913A41A5D006EBF5A /* MainViewController.m */; };
		6CFB5C9D13A43085006EBF5A /* MainView.m in Sources */ = {isa = PBXBuildFile; fileRef = 6CFB5C9C13A43085006EBF5A /* MainView.m */; };
		6CFB5CA013A45BB4006EBF5A /* TableViewController.m in Sources */ = {isa = PBXBuildFile; fileRef = 6CFB5C9F13A45BB4006EBF5A /* TableViewController.m */; };
		6CFB5CA313A463A0006EBF5A /* FormViewController.m in Sources */ = {isa = PBXBuildFile; fileRef = 6CFB5CA213A463A0006EBF5A /* FormViewController.m */; };
/* End PBXBuildFile section */

/* Begin PBXFileReference section */
		6CA02F7D13A98F6C0013C5BD /* JSON.h */ = {isa = PBXFileReference; fileEncoding = 4; lastKnownFileType = sourcecode.c.h; path = JSON.h; sourceTree = "<group>"; };
		6CA02F7E13A98F6C0013C5BD /* NSObject+SBJson.h */ = {isa = PBXFileReference; fileEncoding = 4; lastKnownFileType = sourcecode.c.h; path = "NSObject+SBJson.h"; sourceTree = "<group>"; };
		6CA02F7F13A98F6C0013C5BD /* NSObject+SBJson.m */ = {isa = PBXFileReference; fileEncoding = 4; lastKnownFileType = sourcecode.c.objc; path = "NSObject+SBJson.m"; sourceTree = "<group>"; };
		6CA02F8013A98F6C0013C5BD /* SBJson.h */ = {isa = PBXFileReference; fileEncoding = 4; lastKnownFileType = sourcecode.c.h; path = SBJson.h; sourceTree = "<group>"; };
		6CA02F8113A98F6C0013C5BD /* SBJsonParser.h */ = {isa = PBXFileReference; fileEncoding = 4; lastKnownFileType = sourcecode.c.h; path = SBJsonParser.h; sourceTree = "<group>"; };
		6CA02F8213A98F6C0013C5BD /* SBJsonParser.m */ = {isa = PBXFileReference; fileEncoding = 4; lastKnownFileType = sourcecode.c.objc; path = SBJsonParser.m; sourceTree = "<group>"; };
		6CA02F8313A98F6C0013C5BD /* SBJsonStreamParser.h */ = {isa = PBXFileReference; fileEncoding = 4; lastKnownFileType = sourcecode.c.h; path = SBJsonStreamParser.h; sourceTree = "<group>"; };
		6CA02F8413A98F6C0013C5BD /* SBJsonStreamParser.m */ = {isa = PBXFileReference; fileEncoding = 4; lastKnownFileType = sourcecode.c.objc; path = SBJsonStreamParser.m; sourceTree = "<group>"; };
		6CA02F8513A98F6C0013C5BD /* SBJsonStreamParserAccumulator.h */ = {isa = PBXFileReference; fileEncoding = 4; lastKnownFileType = sourcecode.c.h; path = SBJsonStreamParserAccumulator.h; sourceTree = "<group>"; };
		6CA02F8613A98F6C0013C5BD /* SBJsonStreamParserAccumulator.m */ = {isa = PBXFileReference; fileEncoding = 4; lastKnownFileType = sourcecode.c.objc; path = SBJsonStreamParserAccumulator.m; sourceTree = "<group>"; };
		6CA02F8713A98F6C0013C5BD /* SBJsonStreamParserAdapter.h */ = {isa = PBXFileReference; fileEncoding = 4; lastKnownFileType = sourcecode.c.h; path = SBJsonStreamParserAdapter.h; sourceTree = "<group>"; };
		6CA02F8813A98F6C0013C5BD /* SBJsonStreamParserAdapter.m */ = {isa = PBXFileReference; fileEncoding = 4; lastKnownFileType = sourcecode.c.objc; path = SBJsonStreamParserAdapter.m; sourceTree = "<group>"; };
		6CA02F8913A98F6C0013C5BD /* SBJsonStreamParserState.h */ = {isa = PBXFileReference; fileEncoding = 4; lastKnownFileType = sourcecode.c.h; path = SBJsonStreamParserState.h; sourceTree = "<group>"; };
		6CA02F8A13A98F6C0013C5BD /* SBJsonStreamParserState.m */ = {isa = PBXFileReference; fileEncoding = 4; lastKnownFileType = sourcecode.c.objc; path = SBJsonStreamParserState.m; sourceTree = "<group>"; };
		6CA02F8B13A98F6C0013C5BD /* SBJsonStreamWriter.h */ = {isa = PBXFileReference; fileEncoding = 4; lastKnownFileType = sourcecode.c.h; path = SBJsonStreamWriter.h; sourceTree = "<group>"; };
		6CA02F8C13A98F6C0013C5BD /* SBJsonStreamWriter.m */ = {isa = PBXFileReference; fileEncoding = 4; lastKnownFileType = sourcecode.c.objc; path = SBJsonStreamWriter.m; sourceTree = "<group>"; };
		6CA02F8D13A98F6C0013C5BD /* SBJsonStreamWriterAccumulator.h */ = {isa = PBXFileReference; fileEncoding = 4; lastKnownFileType = sourcecode.c.h; path = SBJsonStreamWriterAccumulator.h; sourceTree = "<group>"; };
		6CA02F8E13A98F6C0013C5BD /* SBJsonStreamWriterAccumulator.m */ = {isa = PBXFileReference; fileEncoding = 4; lastKnownFileType = sourcecode.c.objc; path = SBJsonStreamWriterAccumulator.m; sourceTree = "<group>"; };
		6CA02F8F13A98F6C0013C5BD /* SBJsonStreamWriterState.h */ = {isa = PBXFileReference; fileEncoding = 4; lastKnownFileType = sourcecode.c.h; path = SBJsonStreamWriterState.h; sourceTree = "<group>"; };
		6CA02F9013A98F6C0013C5BD /* SBJsonStreamWriterState.m */ = {isa = PBXFileReference; fileEncoding = 4; lastKnownFileType = sourcecode.c.objc; path = SBJsonStreamWriterState.m; sourceTree = "<group>"; };
		6CA02F9113A98F6C0013C5BD /* SBJsonTokeniser.h */ = {isa = PBXFileReference; fileEncoding = 4; lastKnownFileType = sourcecode.c.h; path = SBJsonTokeniser.h; sourceTree = "<group>"; };
		6CA02F9213A98F6C0013C5BD /* SBJsonTokeniser.m */ = {isa = PBXFileReference; fileEncoding = 4; lastKnownFileType = sourcecode.c.objc; path = SBJsonTokeniser.m; sourceTree = "<group>"; };
		6CA02F9313A98F6C0013C5BD /* SBJsonUTF8Stream.h */ = {isa = PBXFileReference; fileEncoding = 4; lastKnownFileType = sourcecode.c.h; path = SBJsonUTF8Stream.h; sourceTree = "<group>"; };
		6CA02F9413A98F6C0013C5BD /* SBJsonUTF8Stream.m */ = {isa = PBXFileReference; fileEncoding = 4; lastKnownFileType = sourcecode.c.objc; path = SBJsonUTF8Stream.m; sourceTree = "<group>"; };
		6CA02F9513A98F6C0013C5BD /* SBJsonWriter.h */ = {isa = PBXFileReference; fileEncoding = 4; lastKnownFileType = sourcecode.c.h; path = SBJsonWriter.h; sourceTree = "<group>"; };
		6CA02F9613A98F6C0013C5BD /* SBJsonWriter.m */ = {isa = PBXFileReference; fileEncoding = 4; lastKnownFileType = sourcecode.c.objc; path = SBJsonWriter.m; sourceTree = "<group>"; };
		6CA02FA513A9929E0013C5BD /* data.json */ = {isa = PBXFileReference; fileEncoding = 4; lastKnownFileType = text; path = data.json; sourceTree = "<group>"; };
		6CA02FA813A9ACEC0013C5BD /* ContactsModel.h */ = {isa = PBXFileReference; fileEncoding = 4; lastKnownFileType = sourcecode.c.h; path = ContactsModel.h; sourceTree = "<group>"; };
		6CA02FA913A9ACEC0013C5BD /* ContactsModel.m */ = {isa = PBXFileReference; fileEncoding = 4; lastKnownFileType = sourcecode.c.objc; path = ContactsModel.m; sourceTree = "<group>"; };
		6CA02FAB13A9AF490013C5BD /* ContactVO.h */ = {isa = PBXFileReference; fileEncoding = 4; lastKnownFileType = sourcecode.c.h; path = ContactVO.h; sourceTree = "<group>"; };
		6CA02FAC13A9AF490013C5BD /* ContactVO.m */ = {isa = PBXFileReference; fileEncoding = 4; lastKnownFileType = sourcecode.c.objc; path = ContactVO.m; sourceTree = "<group>"; };
		6CA3580B13A866E200C65600 /* BaseUIViewController.h */ = {isa = PBXFileReference; fileEncoding = 4; lastKnownFileType = sourcecode.c.h; path = BaseUIViewController.h; sourceTree = "<group>"; };
		6CA3580C13A866E200C65600 /* BaseUIViewController.m */ = {isa = PBXFileReference; fileEncoding = 4; lastKnownFileType = sourcecode.c.objc; path = BaseUIViewController.m; sourceTree = "<group>"; };
		6CFB5C7A13A4191E006EBF5A /* window-app-1.app */ = {isa = PBXFileReference; explicitFileType = wrapper.application; includeInIndex = 0; path = "window-app-1.app"; sourceTree = BUILT_PRODUCTS_DIR; };
		6CFB5C7E13A4191E006EBF5A /* UIKit.framework */ = {isa = PBXFileReference; lastKnownFileType = wrapper.framework; name = UIKit.framework; path = System/Library/Frameworks/UIKit.framework; sourceTree = SDKROOT; };
		6CFB5C8013A4191E006EBF5A /* Foundation.framework */ = {isa = PBXFileReference; lastKnownFileType = wrapper.framework; name = Foundation.framework; path = System/Library/Frameworks/Foundation.framework; sourceTree = SDKROOT; };
		6CFB5C8213A4191E006EBF5A /* CoreGraphics.framework */ = {isa = PBXFileReference; lastKnownFileType = wrapper.framework; name = CoreGraphics.framework; path = System/Library/Frameworks/CoreGraphics.framework; sourceTree = SDKROOT; };
		6CFB5C8613A4191E006EBF5A /* window-app-1-Info.plist */ = {isa = PBXFileReference; lastKnownFileType = text.plist.xml; path = "window-app-1-Info.plist"; sourceTree = "<group>"; };
		6CFB5C8813A4191E006EBF5A /* en */ = {isa = PBXFileReference; lastKnownFileType = text.plist.strings; name = en; path = en.lproj/InfoPlist.strings; sourceTree = "<group>"; };
		6CFB5C8A13A4191E006EBF5A /* window-app-1-Prefix.pch */ = {isa = PBXFileReference; lastKnownFileType = sourcecode.c.h; path = "window-app-1-Prefix.pch"; sourceTree = "<group>"; };
		6CFB5C8B13A4191E006EBF5A /* main.m */ = {isa = PBXFileReference; lastKnownFileType = sourcecode.c.objc; path = main.m; sourceTree = "<group>"; };
		6CFB5C8D13A4191F006EBF5A /* AppDelegate.h */ = {isa = PBXFileReference; lastKnownFileType = sourcecode.c.h; path = AppDelegate.h; sourceTree = "<group>"; };
		6CFB5C8E13A4191F006EBF5A /* AppDelegate.m */ = {isa = PBXFileReference; lastKnownFileType = sourcecode.c.objc; path = AppDelegate.m; sourceTree = "<group>"; };
		6CFB5C9813A41A5D006EBF5A /* MainViewController.h */ = {isa = PBXFileReference; fileEncoding = 4; lastKnownFileType = sourcecode.c.h; path = MainViewController.h; sourceTree = "<group>"; };
		6CFB5C9913A41A5D006EBF5A /* MainViewController.m */ = {isa = PBXFileReference; fileEncoding = 4; lastKnownFileType = sourcecode.c.objc; path = MainViewController.m; sourceTree = "<group>"; };
		6CFB5C9B13A43085006EBF5A /* MainView.h */ = {isa = PBXFileReference; fileEncoding = 4; lastKnownFileType = sourcecode.c.h; path = MainView.h; sourceTree = "<group>"; };
		6CFB5C9C13A43085006EBF5A /* MainView.m */ = {isa = PBXFileReference; fileEncoding = 4; lastKnownFileType = sourcecode.c.objc; path = MainView.m; sourceTree = "<group>"; };
		6CFB5C9E13A45BB3006EBF5A /* TableViewController.h */ = {isa = PBXFileReference; fileEncoding = 4; lastKnownFileType = sourcecode.c.h; path = TableViewController.h; sourceTree = "<group>"; };
		6CFB5C9F13A45BB4006EBF5A /* TableViewController.m */ = {isa = PBXFileReference; fileEncoding = 4; lastKnownFileType = sourcecode.c.objc; path = TableViewController.m; sourceTree = "<group>"; };
		6CFB5CA113A463A0006EBF5A /* FormViewController.h */ = {isa = PBXFileReference; fileEncoding = 4; lastKnownFileType = sourcecode.c.h; path = FormViewController.h; sourceTree = "<group>"; };
		6CFB5CA213A463A0006EBF5A /* FormViewController.m */ = {isa = PBXFileReference; fileEncoding = 4; lastKnownFileType = sourcecode.c.objc; path = FormViewController.m; sourceTree = "<group>"; };
/* End PBXFileReference section */

/* Begin PBXFrameworksBuildPhase section */
		6CFB5C7713A4191E006EBF5A /* Frameworks */ = {
			isa = PBXFrameworksBuildPhase;
			buildActionMask = 2147483647;
			files = (
				6CFB5C7F13A4191E006EBF5A /* UIKit.framework in Frameworks */,
				6CFB5C8113A4191E006EBF5A /* Foundation.framework in Frameworks */,
				6CFB5C8313A4191E006EBF5A /* CoreGraphics.framework in Frameworks */,
			);
			runOnlyForDeploymentPostprocessing = 0;
		};
/* End PBXFrameworksBuildPhase section */

/* Begin PBXGroup section */
		6CA02F7C13A98F6C0013C5BD /* Classes */ = {
			isa = PBXGroup;
			children = (
				6CA02F7D13A98F6C0013C5BD /* JSON.h */,
				6CA02F7E13A98F6C0013C5BD /* NSObject+SBJson.h */,
				6CA02F7F13A98F6C0013C5BD /* NSObject+SBJson.m */,
				6CA02F8013A98F6C0013C5BD /* SBJson.h */,
				6CA02F8113A98F6C0013C5BD /* SBJsonParser.h */,
				6CA02F8213A98F6C0013C5BD /* SBJsonParser.m */,
				6CA02F8313A98F6C0013C5BD /* SBJsonStreamParser.h */,
				6CA02F8413A98F6C0013C5BD /* SBJsonStreamParser.m */,
				6CA02F8513A98F6C0013C5BD /* SBJsonStreamParserAccumulator.h */,
				6CA02F8613A98F6C0013C5BD /* SBJsonStreamParserAccumulator.m */,
				6CA02F8713A98F6C0013C5BD /* SBJsonStreamParserAdapter.h */,
				6CA02F8813A98F6C0013C5BD /* SBJsonStreamParserAdapter.m */,
				6CA02F8913A98F6C0013C5BD /* SBJsonStreamParserState.h */,
				6CA02F8A13A98F6C0013C5BD /* SBJsonStreamParserState.m */,
				6CA02F8B13A98F6C0013C5BD /* SBJsonStreamWriter.h */,
				6CA02F8C13A98F6C0013C5BD /* SBJsonStreamWriter.m */,
				6CA02F8D13A98F6C0013C5BD /* SBJsonStreamWriterAccumulator.h */,
				6CA02F8E13A98F6C0013C5BD /* SBJsonStreamWriterAccumulator.m */,
				6CA02F8F13A98F6C0013C5BD /* SBJsonStreamWriterState.h */,
				6CA02F9013A98F6C0013C5BD /* SBJsonStreamWriterState.m */,
				6CA02F9113A98F6C0013C5BD /* SBJsonTokeniser.h */,
				6CA02F9213A98F6C0013C5BD /* SBJsonTokeniser.m */,
				6CA02F9313A98F6C0013C5BD /* SBJsonUTF8Stream.h */,
				6CA02F9413A98F6C0013C5BD /* SBJsonUTF8Stream.m */,
				6CA02F9513A98F6C0013C5BD /* SBJsonWriter.h */,
				6CA02F9613A98F6C0013C5BD /* SBJsonWriter.m */,
			);
			name = Classes;
			path = "window-app-1/Classes";
			sourceTree = "<group>";
		};
		6CA02FA413A9929E0013C5BD /* data */ = {
			isa = PBXGroup;
			children = (
				6CA02FA513A9929E0013C5BD /* data.json */,
			);
			name = data;
			path = "window-app-1/Classes/data";
			sourceTree = "<group>";
		};
		6CA02FA713A9ACC70013C5BD /* Models */ = {
			isa = PBXGroup;
			children = (
				6CA02FA813A9ACEC0013C5BD /* ContactsModel.h */,
				6CA02FA913A9ACEC0013C5BD /* ContactsModel.m */,
				6CA02FAB13A9AF490013C5BD /* ContactVO.h */,
				6CA02FAC13A9AF490013C5BD /* ContactVO.m */,
			);
			name = Models;
			path = "window-app-1/Models";
			sourceTree = "<group>";
		};
		6CFB5C6F13A4191E006EBF5A = {
			isa = PBXGroup;
			children = (
				6CA02FA713A9ACC70013C5BD /* Models */,
				6CA02FA413A9929E0013C5BD /* data */,
				6CA02F7C13A98F6C0013C5BD /* Classes */,
				6CA3580B13A866E200C65600 /* BaseUIViewController.h */,
				6CA3580C13A866E200C65600 /* BaseUIViewController.m */,
				6CFB5C8413A4191E006EBF5A /* window-app-1 */,
				6CFB5C7D13A4191E006EBF5A /* Frameworks */,
				6CFB5C7B13A4191E006EBF5A /* Products */,
			);
			sourceTree = "<group>";
		};
		6CFB5C7B13A4191E006EBF5A /* Products */ = {
			isa = PBXGroup;
			children = (
				6CFB5C7A13A4191E006EBF5A /* window-app-1.app */,
			);
			name = Products;
			sourceTree = "<group>";
		};
		6CFB5C7D13A4191E006EBF5A /* Frameworks */ = {
			isa = PBXGroup;
			children = (
				6CFB5C7E13A4191E006EBF5A /* UIKit.framework */,
				6CFB5C8013A4191E006EBF5A /* Foundation.framework */,
				6CFB5C8213A4191E006EBF5A /* CoreGraphics.framework */,
			);
			name = Frameworks;
			sourceTree = "<group>";
		};
		6CFB5C8413A4191E006EBF5A /* window-app-1 */ = {
			isa = PBXGroup;
			children = (
				6CFB5C8D13A4191F006EBF5A /* AppDelegate.h */,
				6CFB5C8E13A4191F006EBF5A /* AppDelegate.m */,
				6CFB5C8513A4191E006EBF5A /* Supporting Files */,
				6CFB5C9813A41A5D006EBF5A /* MainViewController.h */,
				6CFB5C9913A41A5D006EBF5A /* MainViewController.m */,
				6CFB5C9B13A43085006EBF5A /* MainView.h */,
				6CFB5C9C13A43085006EBF5A /* MainView.m */,
				6CFB5C9E13A45BB3006EBF5A /* TableViewController.h */,
				6CFB5C9F13A45BB4006EBF5A /* TableViewController.m */,
				6CFB5CA113A463A0006EBF5A /* FormViewController.h */,
				6CFB5CA213A463A0006EBF5A /* FormViewController.m */,
			);
			path = "window-app-1";
			sourceTree = "<group>";
		};
		6CFB5C8513A4191E006EBF5A /* Supporting Files */ = {
			isa = PBXGroup;
			children = (
				6CFB5C8613A4191E006EBF5A /* window-app-1-Info.plist */,
				6CFB5C8713A4191E006EBF5A /* InfoPlist.strings */,
				6CFB5C8A13A4191E006EBF5A /* window-app-1-Prefix.pch */,
				6CFB5C8B13A4191E006EBF5A /* main.m */,
			);
			name = "Supporting Files";
			sourceTree = "<group>";
		};
/* End PBXGroup section */

/* Begin PBXNativeTarget section */
		6CFB5C7913A4191E006EBF5A /* window-app-1 */ = {
			isa = PBXNativeTarget;
			buildConfigurationList = 6CFB5C9513A4191F006EBF5A /* Build configuration list for PBXNativeTarget "window-app-1" */;
			buildPhases = (
				6CFB5C7613A4191E006EBF5A /* Sources */,
				6CFB5C7713A4191E006EBF5A /* Frameworks */,
				6CFB5C7813A4191E006EBF5A /* Resources */,
			);
			buildRules = (
			);
			dependencies = (
			);
			name = "window-app-1";
			productName = "window-app-1";
			productReference = 6CFB5C7A13A4191E006EBF5A /* window-app-1.app */;
			productType = "com.apple.product-type.application";
		};
/* End PBXNativeTarget section */

/* Begin PBXProject section */
		6CFB5C7113A4191E006EBF5A /* Project object */ = {
			isa = PBXProject;
			buildConfigurationList = 6CFB5C7413A4191E006EBF5A /* Build configuration list for PBXProject "window-app-1" */;
			compatibilityVersion = "Xcode 3.2";
			developmentRegion = English;
			hasScannedForEncodings = 0;
			knownRegions = (
				en,
			);
			mainGroup = 6CFB5C6F13A4191E006EBF5A;
			productRefGroup = 6CFB5C7B13A4191E006EBF5A /* Products */;
			projectDirPath = "";
			projectRoot = "";
			targets = (
				6CFB5C7913A4191E006EBF5A /* window-app-1 */,
			);
		};
/* End PBXProject section */

/* Begin PBXResourcesBuildPhase section */
		6CFB5C7813A4191E006EBF5A /* Resources */ = {
			isa = PBXResourcesBuildPhase;
			buildActionMask = 2147483647;
			files = (
				6CFB5C8913A4191E006EBF5A /* InfoPlist.strings in Resources */,
				6CA02FA613A9929E0013C5BD /* data.json in Resources */,
			);
			runOnlyForDeploymentPostprocessing = 0;
		};
/* End PBXResourcesBuildPhase section */

/* Begin PBXSourcesBuildPhase section */
		6CFB5C7613A4191E006EBF5A /* Sources */ = {
			isa = PBXSourcesBuildPhase;
			buildActionMask = 2147483647;
			files = (
				6CFB5C8C13A4191E006EBF5A /* main.m in Sources */,
				6CFB5C8F13A4191F006EBF5A /* AppDelegate.m in Sources */,
				6CFB5C9A13A41A5D006EBF5A /* MainViewController.m in Sources */,
				6CFB5C9D13A43085006EBF5A /* MainView.m in Sources */,
				6CFB5CA013A45BB4006EBF5A /* TableViewController.m in Sources */,
				6CFB5CA313A463A0006EBF5A /* FormViewController.m in Sources */,
				6CA3580D13A866E200C65600 /* BaseUIViewController.m in Sources */,
				6CA02F9713A98F6C0013C5BD /* NSObject+SBJson.m in Sources */,
				6CA02F9813A98F6C0013C5BD /* SBJsonParser.m in Sources */,
				6CA02F9913A98F6C0013C5BD /* SBJsonStreamParser.m in Sources */,
				6CA02F9A13A98F6C0013C5BD /* SBJsonStreamParserAccumulator.m in Sources */,
				6CA02F9B13A98F6C0013C5BD /* SBJsonStreamParserAdapter.m in Sources */,
				6CA02F9C13A98F6C0013C5BD /* SBJsonStreamParserState.m in Sources */,
				6CA02F9D13A98F6C0013C5BD /* SBJsonStreamWriter.m in Sources */,
				6CA02F9E13A98F6C0013C5BD /* SBJsonStreamWriterAccumulator.m in Sources */,
				6CA02F9F13A98F6C0013C5BD /* SBJsonStreamWriterState.m in Sources */,
				6CA02FA013A98F6C0013C5BD /* SBJsonTokeniser.m in Sources */,
				6CA02FA113A98F6C0013C5BD /* SBJsonUTF8Stream.m in Sources */,
				6CA02FA213A98F6C0013C5BD /* SBJsonWriter.m in Sources */,
				6CA02FAA13A9ACEC0013C5BD /* ContactsModel.m in Sources */,
				6CA02FAD13A9AF4A0013C5BD /* ContactVO.m in Sources */,
			);
			runOnlyForDeploymentPostprocessing = 0;
		};
/* End PBXSourcesBuildPhase section */

/* Begin PBXVariantGroup section */
		6CFB5C8713A4191E006EBF5A /* InfoPlist.strings */ = {
			isa = PBXVariantGroup;
			children = (
				6CFB5C8813A4191E006EBF5A /* en */,
			);
			name = InfoPlist.strings;
			sourceTree = "<group>";
		};
/* End PBXVariantGroup section */

/* Begin XCBuildConfiguration section */
		6CFB5C9313A4191F006EBF5A /* Debug */ = {
			isa = XCBuildConfiguration;
			buildSettings = {
				ARCHS = "$(ARCHS_STANDARD_32_BIT)";
				"CODE_SIGN_IDENTITY[sdk=iphoneos*]" = "iPhone Developer";
				GCC_C_LANGUAGE_STANDARD = gnu99;
				GCC_OPTIMIZATION_LEVEL = 0;
				GCC_PREPROCESSOR_DEFINITIONS = DEBUG;
				GCC_SYMBOLS_PRIVATE_EXTERN = NO;
				GCC_VERSION = com.apple.compilers.llvmgcc42;
				GCC_WARN_ABOUT_RETURN_TYPE = YES;
				GCC_WARN_UNUSED_VARIABLE = YES;
				IPHONEOS_DEPLOYMENT_TARGET = 4.3;
				SDKROOT = iphoneos;
			};
			name = Debug;
		};
		6CFB5C9413A4191F006EBF5A /* Release */ = {
			isa = XCBuildConfiguration;
			buildSettings = {
				ARCHS = "$(ARCHS_STANDARD_32_BIT)";
				"CODE_SIGN_IDENTITY[sdk=iphoneos*]" = "iPhone Developer";
				GCC_C_LANGUAGE_STANDARD = gnu99;
				GCC_VERSION = com.apple.compilers.llvmgcc42;
				GCC_WARN_ABOUT_RETURN_TYPE = YES;
				GCC_WARN_UNUSED_VARIABLE = YES;
				IPHONEOS_DEPLOYMENT_TARGET = 4.3;
				OTHER_CFLAGS = "-DNS_BLOCK_ASSERTIONS=1";
				SDKROOT = iphoneos;
			};
			name = Release;
		};
		6CFB5C9613A4191F006EBF5A /* Debug */ = {
			isa = XCBuildConfiguration;
			buildSettings = {
				ALWAYS_SEARCH_USER_PATHS = NO;
				COPY_PHASE_STRIP = NO;
				GCC_DYNAMIC_NO_PIC = NO;
				GCC_PRECOMPILE_PREFIX_HEADER = YES;
				GCC_PREFIX_HEADER = "window-app-1/window-app-1-Prefix.pch";
				INFOPLIST_FILE = "window-app-1/window-app-1-Info.plist";
				PRODUCT_NAME = "$(TARGET_NAME)";
				WRAPPER_EXTENSION = app;
			};
			name = Debug;
		};
		6CFB5C9713A4191F006EBF5A /* Release */ = {
			isa = XCBuildConfiguration;
			buildSettings = {
				ALWAYS_SEARCH_USER_PATHS = NO;
				COPY_PHASE_STRIP = YES;
				GCC_PRECOMPILE_PREFIX_HEADER = YES;
				GCC_PREFIX_HEADER = "window-app-1/window-app-1-Prefix.pch";
				INFOPLIST_FILE = "window-app-1/window-app-1-Info.plist";
				PRODUCT_NAME = "$(TARGET_NAME)";
				VALIDATE_PRODUCT = YES;
				WRAPPER_EXTENSION = app;
			};
			name = Release;
		};
/* End XCBuildConfiguration section */

/* Begin XCConfigurationList section */
		6CFB5C7413A4191E006EBF5A /* Build configuration list for PBXProject "window-app-1" */ = {
			isa = XCConfigurationList;
			buildConfigurations = (
				6CFB5C9313A4191F006EBF5A /* Debug */,
				6CFB5C9413A4191F006EBF5A /* Release */,
			);
			defaultConfigurationIsVisible = 0;
			defaultConfigurationName = Release;
		};
		6CFB5C9513A4191F006EBF5A /* Build configuration list for PBXNativeTarget "window-app-1" */ = {
			isa = XCConfigurationList;
			buildConfigurations = (
				6CFB5C9613A4191F006EBF5A /* Debug */,
				6CFB5C9713A4191F006EBF5A /* Release */,
			);
			defaultConfigurationIsVisible = 0;
			defaultConfigurationName = Release;
		};
/* End XCConfigurationList section */
	};
	rootObject = 6CFB5C7113A4191E006EBF5A /* Project object */;
}
